
Microsoft Visual Studio Solution File, Format Version 12.00
# Visual Studio 2012
Project("{FAE04EC0-301F-11D3-BF4B-00C04F79EFBC}") = "FrogJmp", "FrogJmp\FrogJmp.csproj", "{7A9B0844-80AA-4549-A785-79CBB921B81D}"
EndProject
Project("{FAE04EC0-301F-11D3-BF4B-00C04F79EFBC}") = "PermMissingElem", "PermMissingElem\PermMissingElem.csproj", "{A1CE4922-B198-438F-9969-72CFBAADC0A7}"
EndProject
Global
	GlobalSection(SolutionConfigurationPlatforms) = preSolution
		Debug|Any CPU = Debug|Any CPU
		Release|Any CPU = Release|Any CPU
	EndGlobalSection
	GlobalSection(ProjectConfigurationPlatforms) = postSolution
		{7A9B0844-80AA-4549-A785-79CBB921B81D}.Debug|Any CPU.ActiveCfg = Debug|Any CPU
		{7A9B0844-80AA-4549-A785-79CBB921B81D}.Debug|Any CPU.Build.0 = Debug|Any CPU
		{7A9B0844-80AA-4549-A785-79CBB921B81D}.Release|Any CPU.ActiveCfg = Release|Any CPU
		{7A9B0844-80AA-4549-A785-79CBB921B81D}.Release|Any CPU.Build.0 = Release|Any CPU
		{A1CE4922-B198-438F-9969-72CFBAADC0A7}.Debug|Any CPU.ActiveCfg = Debug|Any CPU
		{A1CE4922-B198-438F-9969-72CFBAADC0A7}.Debug|Any CPU.Build.0 = Debug|Any CPU
		{A1CE4922-B198-438F-9969-72CFBAADC0A7}.Release|Any CPU.ActiveCfg = Release|Any CPU
		{A1CE4922-B198-438F-9969-72CFBAADC0A7}.Release|Any CPU.Build.0 = Release|Any CPU
	EndGlobalSection
	GlobalSection(SolutionProperties) = preSolution
		HideSolutionNode = FALSE
	EndGlobalSection
EndGlobal
